{
  "lockfile-version": 1,
  "manifest": {
    "version": 1,
    "install": {
      "nodejs": {
        "pkg-path": "nodejs"
      },
      "pnpm": {
        "pkg-path": "pnpm"
      }
    },
    "hook": {
      "on-activate": "  # Autogenerated by Flox\n\n  # Install nodejs dependencies\n  pnpm install\n\n  # End autogenerated by Flox\n"
    },
    "profile": {},
    "options": {
      "systems": [
        "aarch64-darwin",
        "aarch64-linux",
        "x86_64-darwin",
        "x86_64-linux"
      ],
      "allow": {
        "licenses": []
      },
      "semver": {}
    }
  },
  "packages": [
    {
      "attr_path": "nodejs",
      "broken": false,
      "derivation": "/nix/store/zh4vzz8z4g7k2p0iqpi8dfz6kgpxkgb1-nodejs-22.11.0.drv",
      "description": "Event-driven I/O framework for the V8 JavaScript engine",
      "install_id": "nodejs",
      "license": "MIT",
      "locked_url": "https://github.com/flox/nixpkgs?rev=130595eba61081acde9001f43de3248d8888ac4a",
      "name": "nodejs-22.11.0",
      "pname": "nodejs",
      "rev": "130595eba61081acde9001f43de3248d8888ac4a",
      "rev_count": 736170,
      "rev_date": "2025-01-10T15:43:18Z",
      "scrape_date": "2025-01-13T03:35:32Z",
      "stabilities": [
        "unstable"
      ],
      "unfree": false,
      "version": "22.11.0",
      "outputs_to_install": [
        "out"
      ],
      "outputs": {
        "libv8": "/nix/store/m3rxxwm6jp95kjmh4rklqn0d76biz6wm-nodejs-22.11.0-libv8",
        "out": "/nix/store/9vkabbbbyfn8hv5l1r8fm59d27imq460-nodejs-22.11.0"
      },
      "system": "aarch64-darwin",
      "group": "toplevel",
      "priority": 5
    },
    {
      "attr_path": "nodejs",
      "broken": false,
      "derivation": "/nix/store/q23y2j34i9ydidrllrm4gj857hqhvda1-nodejs-22.11.0.drv",
      "description": "Event-driven I/O framework for the V8 JavaScript engine",
      "install_id": "nodejs",
      "license": "MIT",
      "locked_url": "https://github.com/flox/nixpkgs?rev=130595eba61081acde9001f43de3248d8888ac4a",
      "name": "nodejs-22.11.0",
      "pname": "nodejs",
      "rev": "130595eba61081acde9001f43de3248d8888ac4a",
      "rev_count": 736170,
      "rev_date": "2025-01-10T15:43:18Z",
      "scrape_date": "2025-01-13T03:35:32Z",
      "stabilities": [
        "unstable"
      ],
      "unfree": false,
      "version": "22.11.0",
      "outputs_to_install": [
        "out"
      ],
      "outputs": {
        "libv8": "/nix/store/0xiwppqyszilzy9cg71c26fxg5qcxh89-nodejs-22.11.0-libv8",
        "out": "/nix/store/z2lznj5fq0wagkhj7nkgmb5yr4gyv0ws-nodejs-22.11.0"
      },
      "system": "aarch64-linux",
      "group": "toplevel",
      "priority": 5
    },
    {
      "attr_path": "nodejs",
      "broken": false,
      "derivation": "/nix/store/vzxxfv1f1i83bnjib0q144v5gndhci33-nodejs-22.11.0.drv",
      "description": "Event-driven I/O framework for the V8 JavaScript engine",
      "install_id": "nodejs",
      "license": "MIT",
      "locked_url": "https://github.com/flox/nixpkgs?rev=130595eba61081acde9001f43de3248d8888ac4a",
      "name": "nodejs-22.11.0",
      "pname": "nodejs",
      "rev": "130595eba61081acde9001f43de3248d8888ac4a",
      "rev_count": 736170,
      "rev_date": "2025-01-10T15:43:18Z",
      "scrape_date": "2025-01-13T03:35:32Z",
      "stabilities": [
        "unstable"
      ],
      "unfree": false,
      "version": "22.11.0",
      "outputs_to_install": [
        "out"
      ],
      "outputs": {
        "libv8": "/nix/store/mm87n14lp5akdjlfwh1yg4l93zm8gv9h-nodejs-22.11.0-libv8",
        "out": "/nix/store/s81s2z275wnjazk4ij3zvn6kslfa5ipf-nodejs-22.11.0"
      },
      "system": "x86_64-darwin",
      "group": "toplevel",
      "priority": 5
    },
    {
      "attr_path": "nodejs",
      "broken": false,
      "derivation": "/nix/store/542jkp10xz0nd5657bqksqwhhvjcmi9n-nodejs-22.11.0.drv",
      "description": "Event-driven I/O framework for the V8 JavaScript engine",
      "install_id": "nodejs",
      "license": "MIT",
      "locked_url": "https://github.com/flox/nixpkgs?rev=130595eba61081acde9001f43de3248d8888ac4a",
      "name": "nodejs-22.11.0",
      "pname": "nodejs",
      "rev": "130595eba61081acde9001f43de3248d8888ac4a",
      "rev_count": 736170,
      "rev_date": "2025-01-10T15:43:18Z",
      "scrape_date": "2025-01-13T03:35:32Z",
      "stabilities": [
        "unstable"
      ],
      "unfree": false,
      "version": "22.11.0",
      "outputs_to_install": [
        "out"
      ],
      "outputs": {
        "libv8": "/nix/store/fyaac3q8qn3zfxy72airfabm3dakmgf5-nodejs-22.11.0-libv8",
        "out": "/nix/store/fkyp1bm5gll9adnfcj92snyym524mdrj-nodejs-22.11.0"
      },
      "system": "x86_64-linux",
      "group": "toplevel",
      "priority": 5
    },
    {
      "attr_path": "pnpm",
      "broken": false,
      "derivation": "/nix/store/5f225cvd3l61g5fab2din4kvzfvja6hn-pnpm-9.15.3.drv",
      "description": "Fast, disk space efficient package manager for JavaScript",
      "install_id": "pnpm",
      "license": "MIT",
      "locked_url": "https://github.com/flox/nixpkgs?rev=130595eba61081acde9001f43de3248d8888ac4a",
      "name": "pnpm-9.15.3",
      "pname": "pnpm",
      "rev": "130595eba61081acde9001f43de3248d8888ac4a",
      "rev_count": 736170,
      "rev_date": "2025-01-10T15:43:18Z",
      "scrape_date": "2025-01-13T03:35:32Z",
      "stabilities": [
        "unstable"
      ],
      "unfree": false,
      "version": "9.15.3",
      "outputs_to_install": [
        "out"
      ],
      "outputs": {
        "out": "/nix/store/hhprmwazmgvxqff5zpra2bw0cb12f4sl-pnpm-9.15.3"
      },
      "system": "aarch64-darwin",
      "group": "toplevel",
      "priority": 5
    },
    {
      "attr_path": "pnpm",
      "broken": false,
      "derivation": "/nix/store/pp1sg4jkgfd9xdbjv1was4m3a5qvxil1-pnpm-9.15.3.drv",
      "description": "Fast, disk space efficient package manager for JavaScript",
      "install_id": "pnpm",
      "license": "MIT",
      "locked_url": "https://github.com/flox/nixpkgs?rev=130595eba61081acde9001f43de3248d8888ac4a",
      "name": "pnpm-9.15.3",
      "pname": "pnpm",
      "rev": "130595eba61081acde9001f43de3248d8888ac4a",
      "rev_count": 736170,
      "rev_date": "2025-01-10T15:43:18Z",
      "scrape_date": "2025-01-13T03:35:32Z",
      "stabilities": [
        "unstable"
      ],
      "unfree": false,
      "version": "9.15.3",
      "outputs_to_install": [
        "out"
      ],
      "outputs": {
        "out": "/nix/store/id6m5r3zip98l8g9lyvgwv8bvvnn99hq-pnpm-9.15.3"
      },
      "system": "aarch64-linux",
      "group": "toplevel",
      "priority": 5
    },
    {
      "attr_path": "pnpm",
      "broken": false,
      "derivation": "/nix/store/r2b75hhww5m8qdmd4yfyaa6izdahx1ap-pnpm-9.15.3.drv",
      "description": "Fast, disk space efficient package manager for JavaScript",
      "install_id": "pnpm",
      "license": "MIT",
      "locked_url": "https://github.com/flox/nixpkgs?rev=130595eba61081acde9001f43de3248d8888ac4a",
      "name": "pnpm-9.15.3",
      "pname": "pnpm",
      "rev": "130595eba61081acde9001f43de3248d8888ac4a",
      "rev_count": 736170,
      "rev_date": "2025-01-10T15:43:18Z",
      "scrape_date": "2025-01-13T03:35:32Z",
      "stabilities": [
        "unstable"
      ],
      "unfree": false,
      "version": "9.15.3",
      "outputs_to_install": [
        "out"
      ],
      "outputs": {
        "out": "/nix/store/4lsfbyj9fl5yf6ar3cfj7vngd5v7rvqg-pnpm-9.15.3"
      },
      "system": "x86_64-darwin",
      "group": "toplevel",
      "priority": 5
    },
    {
      "attr_path": "pnpm",
      "broken": false,
      "derivation": "/nix/store/5r97s3gjbbaazb423y3ccb31ap514q85-pnpm-9.15.3.drv",
      "description": "Fast, disk space efficient package manager for JavaScript",
      "install_id": "pnpm",
      "license": "MIT",
      "locked_url": "https://github.com/flox/nixpkgs?rev=130595eba61081acde9001f43de3248d8888ac4a",
      "name": "pnpm-9.15.3",
      "pname": "pnpm",
      "rev": "130595eba61081acde9001f43de3248d8888ac4a",
      "rev_count": 736170,
      "rev_date": "2025-01-10T15:43:18Z",
      "scrape_date": "2025-01-13T03:35:32Z",
      "stabilities": [
        "unstable"
      ],
      "unfree": false,
      "version": "9.15.3",
      "outputs_to_install": [
        "out"
      ],
      "outputs": {
        "out": "/nix/store/p7r1k66dzs1qpkas0jx5v20asih9y37q-pnpm-9.15.3"
      },
      "system": "x86_64-linux",
      "group": "toplevel",
      "priority": 5
    }
  ]
}